{
  "name": "travian5",
  "version": "0.0.1",
  "lockfileVersion": 1,
  "requires": true,
  "dependencies": {
    "async": {
      "version": "2.5.0",
      "resolved": "https://registry.npmjs.org/async/-/async-2.5.0.tgz",
      "integrity": "sha512-e+lJAJeNWuPCNyxZKOBdaJGyLGHugXVQtrAwtuAe2vhxTYxFTKE73p8JuTmdH0qdQZtDvI4dhJwjZc5zsfIsYw==",
      "requires": {
        "lodash": "4.17.4"
      }
    },
    "express": {
      "version": "4.14.0",
      "resolved": "https://registry.npmjs.org/express/-/express-4.14.0.tgz",
      "integrity": "sha1-we4/Qs3Ikfs9xlCoki1R7IR9DWY=",
      "requires": {
        "accepts": "1.3.3",
        "array-flatten": "1.1.1",
        "content-disposition": "0.5.1",
        "content-type": "1.0.2",
        "cookie": "0.3.1",
        "cookie-signature": "1.0.6",
        "debug": "2.2.0",
        "depd": "1.1.0",
        "encodeurl": "1.0.1",
        "escape-html": "1.0.3",
        "etag": "1.7.0",
        "finalhandler": "0.5.0",
        "fresh": "0.3.0",
        "merge-descriptors": "1.0.1",
        "methods": "1.1.2",
        "on-finished": "2.3.0",
        "parseurl": "1.3.1",
        "path-to-regexp": "0.1.7",
        "proxy-addr": "1.1.2",
        "qs": "6.2.0",
        "range-parser": "1.2.0",
        "send": "0.14.1",
        "serve-static": "1.11.1",
        "type-is": "1.6.13",
        "utils-merge": "1.0.0",
        "vary": "1.1.0"
      },
      "dependencies": {
        "accepts": {
          "version": "1.3.3",
          "resolved": "https://registry.npmjs.org/accepts/-/accepts-1.3.3.tgz",
          "integrity": "sha1-w8p0NJOGSMPg2cHjKN1otiLChMo=",
          "requires": {
            "mime-types": "2.1.11",
            "negotiator": "0.6.1"
          },
          "dependencies": {
            "mime-types": {
              "version": "2.1.11",
              "resolved": "https://registry.npmjs.org/mime-types/-/mime-types-2.1.11.tgz",
              "integrity": "sha1-wlnEcb2oCKhdbNGTtDCl+uRHOzw=",
              "requires": {
                "mime-db": "1.23.0"
              },
              "dependencies": {
                "mime-db": {
                  "version": "1.23.0",
                  "resolved": "https://registry.npmjs.org/mime-db/-/mime-db-1.23.0.tgz",
                  "integrity": "sha1-oxtAcK2uon1zLqMzdApk0OyaZlk="
                }
              }
            },
            "negotiator": {
              "version": "0.6.1",
              "resolved": "https://registry.npmjs.org/negotiator/-/negotiator-0.6.1.tgz",
              "integrity": "sha1-KzJxhOiZIQEXeyhWP7XnECrNDKk="
            }
          }
        },
        "array-flatten": {
          "version": "1.1.1",
          "resolved": "https://registry.npmjs.org/array-flatten/-/array-flatten-1.1.1.tgz",
          "integrity": "sha1-ml9pkFGx5wczKPKgCJaLZOopVdI="
        },
        "content-disposition": {
          "version": "0.5.1",
          "resolved": "https://registry.npmjs.org/content-disposition/-/content-disposition-0.5.1.tgz",
          "integrity": "sha1-h0dsamfI2qh+Muh2Ft+IO6f7Bxs="
        },
        "content-type": {
          "version": "1.0.2",
          "resolved": "https://registry.npmjs.org/content-type/-/content-type-1.0.2.tgz",
          "integrity": "sha1-t9ETrueo3Se9IRM8TcJSnfFyHu0="
        },
        "cookie": {
          "version": "0.3.1",
          "resolved": "https://registry.npmjs.org/cookie/-/cookie-0.3.1.tgz",
          "integrity": "sha1-5+Ch+e9DtMi6klxcWpboBtFoc7s="
        },
        "cookie-signature": {
          "version": "1.0.6",
          "resolved": "https://registry.npmjs.org/cookie-signature/-/cookie-signature-1.0.6.tgz",
          "integrity": "sha1-4wOogrNCzD7oylE6eZmXNNqzriw="
        },
        "debug": {
          "version": "2.2.0",
          "resolved": "https://registry.npmjs.org/debug/-/debug-2.2.0.tgz",
          "integrity": "sha1-+HBX6ZWxofauaklgZkE3vFbwOdo=",
          "requires": {
            "ms": "0.7.1"
          },
          "dependencies": {
            "ms": {
              "version": "0.7.1",
              "resolved": "https://registry.npmjs.org/ms/-/ms-0.7.1.tgz",
              "integrity": "sha1-nNE8A62/8ltl7/3nzoZO6VIBcJg="
            }
          }
        },
        "depd": {
          "version": "1.1.0",
          "resolved": "https://registry.npmjs.org/depd/-/depd-1.1.0.tgz",
          "integrity": "sha1-4b2Cxqq2ztlluXuIsX7T5SjKGMM="
        },
        "encodeurl": {
          "version": "1.0.1",
          "resolved": "https://registry.npmjs.org/encodeurl/-/encodeurl-1.0.1.tgz",
          "integrity": "sha1-eePVhlU0aQn+bw9Fpd5oEDspTSA="
        },
        "escape-html": {
          "version": "1.0.3",
          "resolved": "https://registry.npmjs.org/escape-html/-/escape-html-1.0.3.tgz",
          "integrity": "sha1-Aljq5NPQwJdN4cFpGI7wBR0dGYg="
        },
        "etag": {
          "version": "1.7.0",
          "resolved": "https://registry.npmjs.org/etag/-/etag-1.7.0.tgz",
          "integrity": "sha1-A9MLX2fdbmMtKUXTDWZScxo01dg="
        },
        "finalhandler": {
          "version": "0.5.0",
          "resolved": "https://registry.npmjs.org/finalhandler/-/finalhandler-0.5.0.tgz",
          "integrity": "sha1-6VCKvs6bbbqHGmlCodeRG5GRGsc=",
          "requires": {
            "debug": "2.2.0",
            "escape-html": "1.0.3",
            "on-finished": "2.3.0",
            "statuses": "1.3.0",
            "unpipe": "1.0.0"
          },
          "dependencies": {
            "statuses": {
              "version": "1.3.0",
              "resolved": "https://registry.npmjs.org/statuses/-/statuses-1.3.0.tgz",
              "integrity": "sha1-jlV1jLIOdoLB9Pzo3KswvwHR4Ho="
            },
            "unpipe": {
              "version": "1.0.0",
              "resolved": "https://registry.npmjs.org/unpipe/-/unpipe-1.0.0.tgz",
              "integrity": "sha1-sr9O6FFKrmFltIF4KdIbLvSZBOw="
            }
          }
        },
        "fresh": {
          "version": "0.3.0",
          "resolved": "https://registry.npmjs.org/fresh/-/fresh-0.3.0.tgz",
          "integrity": "sha1-ZR+DjiJCTnVm3hYdg1jKoZn4PU8="
        },
        "merge-descriptors": {
          "version": "1.0.1",
          "resolved": "https://registry.npmjs.org/merge-descriptors/-/merge-descriptors-1.0.1.tgz",
          "integrity": "sha1-sAqqVW3YtEVoFQ7J0blT8/kMu2E="
        },
        "methods": {
          "version": "1.1.2",
          "resolved": "https://registry.npmjs.org/methods/-/methods-1.1.2.tgz",
          "integrity": "sha1-VSmk1nZUE07cxSZmVoNbD4Ua/O4="
        },
        "on-finished": {
          "version": "2.3.0",
          "resolved": "https://registry.npmjs.org/on-finished/-/on-finished-2.3.0.tgz",
          "integrity": "sha1-IPEzZIGwg811M3mSoWlxqi2QaUc=",
          "requires": {
            "ee-first": "1.1.1"
          },
          "dependencies": {
            "ee-first": {
              "version": "1.1.1",
              "resolved": "https://registry.npmjs.org/ee-first/-/ee-first-1.1.1.tgz",
              "integrity": "sha1-WQxhFWsK4vTwJVcyoViyZrxWsh0="
            }
          }
        },
        "parseurl": {
          "version": "1.3.1",
          "resolved": "https://registry.npmjs.org/parseurl/-/parseurl-1.3.1.tgz",
          "integrity": "sha1-yKuMkiO6NIiKpkopeyiFO+wY2lY="
        },
        "path-to-regexp": {
          "version": "0.1.7",
          "resolved": "https://registry.npmjs.org/path-to-regexp/-/path-to-regexp-0.1.7.tgz",
          "integrity": "sha1-32BBeABfUi8V60SQ5yR6G/qmf4w="
        },
        "proxy-addr": {
          "version": "1.1.2",
          "resolved": "https://registry.npmjs.org/proxy-addr/-/proxy-addr-1.1.2.tgz",
          "integrity": "sha1-tMxfImENlTWCTBI675089zxAujc=",
          "requires": {
            "forwarded": "0.1.0",
            "ipaddr.js": "1.1.1"
          },
          "dependencies": {
            "forwarded": {
              "version": "0.1.0",
              "resolved": "https://registry.npmjs.org/forwarded/-/forwarded-0.1.0.tgz",
              "integrity": "sha1-Ge+YdMSuHCl7zweP3mOgm2aoQ2M="
            },
            "ipaddr.js": {
              "version": "1.1.1",
              "resolved": "https://registry.npmjs.org/ipaddr.js/-/ipaddr.js-1.1.1.tgz",
              "integrity": "sha1-x5HZX1KynBJH1d+AraObinNkcjA="
            }
          }
        },
        "qs": {
          "version": "6.2.0",
          "resolved": "https://registry.npmjs.org/qs/-/qs-6.2.0.tgz",
          "integrity": "sha1-O3hIwDwt7OaalSKw+ujEEm10Xzs="
        },
        "range-parser": {
          "version": "1.2.0",
          "resolved": "https://registry.npmjs.org/range-parser/-/range-parser-1.2.0.tgz",
          "integrity": "sha1-9JvmtIeJTdxA3MlKMi9hEJLgDV4="
        },
        "send": {
          "version": "0.14.1",
          "resolved": "https://registry.npmjs.org/send/-/send-0.14.1.tgz",
          "integrity": "sha1-qVSYQyU5L1FTKndgdg5FlZjIn3o=",
          "requires": {
            "debug": "2.2.0",
            "depd": "1.1.0",
            "destroy": "1.0.4",
            "encodeurl": "1.0.1",
            "escape-html": "1.0.3",
            "etag": "1.7.0",
            "fresh": "0.3.0",
            "http-errors": "1.5.0",
            "mime": "1.3.4",
            "ms": "0.7.1",
            "on-finished": "2.3.0",
            "range-parser": "1.2.0",
            "statuses": "1.3.0"
          },
          "dependencies": {
            "destroy": {
              "version": "1.0.4",
              "resolved": "https://registry.npmjs.org/destroy/-/destroy-1.0.4.tgz",
              "integrity": "sha1-l4hXRCxEdJ5CBmE+N5RiBYJqvYA="
            },
            "http-errors": {
              "version": "1.5.0",
              "resolved": "https://registry.npmjs.org/http-errors/-/http-errors-1.5.0.tgz",
              "integrity": "sha1-scs9gmD9jiOGytMYkEWUM3LUghE=",
              "requires": {
                "inherits": "2.0.1",
                "setprototypeof": "1.0.1",
                "statuses": "1.3.0"
              },
              "dependencies": {
                "inherits": {
                  "version": "2.0.1",
                  "resolved": "https://registry.npmjs.org/inherits/-/inherits-2.0.1.tgz",
                  "integrity": "sha1-sX0I0ya0Qj5Wjv9xn5GwscvfafE="
                },
                "setprototypeof": {
                  "version": "1.0.1",
                  "resolved": "https://registry.npmjs.org/setprototypeof/-/setprototypeof-1.0.1.tgz",
                  "integrity": "sha1-UgCbJ4iMTcSPWRlJwKgnWDTByn4="
                }
              }
            },
            "mime": {
              "version": "1.3.4",
              "resolved": "https://registry.npmjs.org/mime/-/mime-1.3.4.tgz",
              "integrity": "sha1-EV+eO2s9rylZmDyzjxSaLUDrXVM="
            },
            "ms": {
              "version": "0.7.1",
              "resolved": "https://registry.npmjs.org/ms/-/ms-0.7.1.tgz",
              "integrity": "sha1-nNE8A62/8ltl7/3nzoZO6VIBcJg="
            },
            "statuses": {
              "version": "1.3.0",
              "resolved": "https://registry.npmjs.org/statuses/-/statuses-1.3.0.tgz",
              "integrity": "sha1-jlV1jLIOdoLB9Pzo3KswvwHR4Ho="
            }
          }
        },
        "serve-static": {
          "version": "1.11.1",
          "resolved": "https://registry.npmjs.org/serve-static/-/serve-static-1.11.1.tgz",
          "integrity": "sha1-1sznaTUF9zPHWd5Xvvwa92wPCAU=",
          "requires": {
            "encodeurl": "1.0.1",
            "escape-html": "1.0.3",
            "parseurl": "1.3.1",
            "send": "0.14.1"
          }
        },
        "type-is": {
          "version": "1.6.13",
          "resolved": "https://registry.npmjs.org/type-is/-/type-is-1.6.13.tgz",
          "integrity": "sha1-boO6e8MM0zp7sLf7AHN6IIW/nQg=",
          "requires": {
            "media-typer": "0.3.0",
            "mime-types": "2.1.11"
          },
          "dependencies": {
            "media-typer": {
              "version": "0.3.0",
              "resolved": "https://registry.npmjs.org/media-typer/-/media-typer-0.3.0.tgz",
              "integrity": "sha1-hxDXrwqmJvj/+hzgAWhUUmMlV0g="
            },
            "mime-types": {
              "version": "2.1.11",
              "resolved": "https://registry.npmjs.org/mime-types/-/mime-types-2.1.11.tgz",
              "integrity": "sha1-wlnEcb2oCKhdbNGTtDCl+uRHOzw=",
              "requires": {
                "mime-db": "1.23.0"
              },
              "dependencies": {
                "mime-db": {
                  "version": "1.23.0",
                  "resolved": "https://registry.npmjs.org/mime-db/-/mime-db-1.23.0.tgz",
                  "integrity": "sha1-oxtAcK2uon1zLqMzdApk0OyaZlk="
                }
              }
            }
          }
        },
        "utils-merge": {
          "version": "1.0.0",
          "resolved": "https://registry.npmjs.org/utils-merge/-/utils-merge-1.0.0.tgz",
          "integrity": "sha1-ApT7kiu5N1FTVBxPcJYjHyh8ivg="
        },
        "vary": {
          "version": "1.1.0",
          "resolved": "https://registry.npmjs.org/vary/-/vary-1.1.0.tgz",
          "integrity": "sha1-4eWv+70WrnaN0mdDlLmtMCJlMUA="
        }
      }
    },
    "http": {
      "version": "0.0.0",
      "resolved": "https://registry.npmjs.org/http/-/http-0.0.0.tgz",
      "integrity": "sha1-huYybSnF0Dnen6xYSkVon5KfT3I="
    },
    "lodash": {
      "version": "4.17.4",
      "resolved": "https://registry.npmjs.org/lodash/-/lodash-4.17.4.tgz",
      "integrity": "sha1-eCA6TRwyiuHYbcpkYONptX9AVa4="
    },
    "mysql": {
      "version": "2.11.1",
      "resolved": "https://registry.npmjs.org/mysql/-/mysql-2.11.1.tgz",
      "integrity": "sha1-e9v9pHcUH9Fe7sK3EDIMDSDOfQg=",
      "requires": {
        "bignumber.js": "2.3.0",
        "readable-stream": "1.1.14",
        "sqlstring": "2.0.1"
      },
      "dependencies": {
        "bignumber.js": {
          "version": "2.3.0",
          "resolved": "https://registry.npmjs.org/bignumber.js/-/bignumber.js-2.3.0.tgz",
          "integrity": "sha1-WXoC15Htw9ZPF4UOIXieekCV32Y="
        },
        "readable-stream": {
          "version": "1.1.14",
          "resolved": "https://registry.npmjs.org/readable-stream/-/readable-stream-1.1.14.tgz",
          "integrity": "sha1-fPTFTvZI44EwhMY23SB54WbAgdk=",
          "requires": {
            "core-util-is": "1.0.2",
            "inherits": "2.0.3",
            "isarray": "0.0.1",
            "string_decoder": "0.10.31"
          },
          "dependencies": {
            "core-util-is": {
              "version": "1.0.2",
              "resolved": "https://registry.npmjs.org/core-util-is/-/core-util-is-1.0.2.tgz",
              "integrity": "sha1-tf1UIgqivFq1eqtxQMlAdUUDwac="
            },
            "inherits": {
              "version": "2.0.3",
              "resolved": "https://registry.npmjs.org/inherits/-/inherits-2.0.3.tgz",
              "integrity": "sha1-Yzwsg+PaQqUC9SRmAiSA9CCCYd4="
            },
            "isarray": {
              "version": "0.0.1",
              "resolved": "https://registry.npmjs.org/isarray/-/isarray-0.0.1.tgz",
              "integrity": "sha1-ihis/Kmo9Bd+Cav8YDiTmwXR7t8="
            },
            "string_decoder": {
              "version": "0.10.31",
              "resolved": "https://registry.npmjs.org/string_decoder/-/string_decoder-0.10.31.tgz",
              "integrity": "sha1-YuIDvEF2bGwoyfyEMB2rHFMQ+pQ="
            }
          }
        },
        "sqlstring": {
          "version": "2.0.1",
          "resolved": "https://registry.npmjs.org/sqlstring/-/sqlstring-2.0.1.tgz",
          "integrity": "sha1-vNPDkxrxpat9VKVY6zVjyj03i5g="
        }
      }
    },
    "socket.io": {
      "version": "1.4.8",
      "resolved": "https://registry.npmjs.org/socket.io/-/socket.io-1.4.8.tgz",
      "integrity": "sha1-5XbzMM0L7WTlWz/SbfmRFBiEhns=",
      "requires": {
        "debug": "2.2.0",
        "engine.io": "1.6.11",
        "has-binary": "0.1.7",
        "socket.io-adapter": "0.4.0",
        "socket.io-client": "1.4.8",
        "socket.io-parser": "2.2.6"
      },
      "dependencies": {
        "debug": {
          "version": "2.2.0",
          "resolved": "https://registry.npmjs.org/debug/-/debug-2.2.0.tgz",
          "integrity": "sha1-+HBX6ZWxofauaklgZkE3vFbwOdo=",
          "requires": {
            "ms": "0.7.1"
          },
          "dependencies": {
            "ms": {
              "version": "0.7.1",
              "resolved": "https://registry.npmjs.org/ms/-/ms-0.7.1.tgz",
              "integrity": "sha1-nNE8A62/8ltl7/3nzoZO6VIBcJg="
            }
          }
        },
        "engine.io": {
          "version": "1.6.11",
          "resolved": "https://registry.npmjs.org/engine.io/-/engine.io-1.6.11.tgz",
          "integrity": "sha1-JTOpemWHbED/z5U5e375tJXEI/4=",
          "requires": {
            "accepts": "1.1.4",
            "base64id": "0.1.0",
            "debug": "2.2.0",
            "engine.io-parser": "1.2.4",
            "ws": "1.1.0"
          },
          "dependencies": {
            "accepts": {
              "version": "1.1.4",
              "resolved": "https://registry.npmjs.org/accepts/-/accepts-1.1.4.tgz",
              "integrity": "sha1-1xyW99QdD+2iw4zRToonwEFY30o=",
              "requires": {
                "mime-types": "2.0.14",
                "negotiator": "0.4.9"
              },
              "dependencies": {
                "mime-types": {
                  "version": "2.0.14",
                  "resolved": "https://registry.npmjs.org/mime-types/-/mime-types-2.0.14.tgz",
                  "integrity": "sha1-MQ4VnbI+B3+Lsit0jav6SVcUCqY=",
                  "requires": {
                    "mime-db": "1.12.0"
                  },
                  "dependencies": {
                    "mime-db": {
                      "version": "1.12.0",
                      "resolved": "https://registry.npmjs.org/mime-db/-/mime-db-1.12.0.tgz",
                      "integrity": "sha1-PQxjGA9FjrENMlqqN9fFiuMS6dc="
                    }
                  }
                },
                "negotiator": {
                  "version": "0.4.9",
                  "resolved": "https://registry.npmjs.org/negotiator/-/negotiator-0.4.9.tgz",
                  "integrity": "sha1-kuRrbbU8fkIe1koryU8IvnYw3z8="
                }
              }
            },
            "base64id": {
              "version": "0.1.0",
              "resolved": "https://registry.npmjs.org/base64id/-/base64id-0.1.0.tgz",
              "integrity": "sha1-As4P3u4M709ACA4ec+g08LG/zj8="
            },
            "engine.io-parser": {
              "version": "1.2.4",
              "resolved": "https://registry.npmjs.org/engine.io-parser/-/engine.io-parser-1.2.4.tgz",
              "integrity": "sha1-4Il7C/FOeS1M0qWVBVORnFaUjEI=",
              "requires": {
                "after": "0.8.1",
                "arraybuffer.slice": "0.0.6",
                "base64-arraybuffer": "0.1.2",
                "blob": "0.0.4",
                "has-binary": "0.1.6",
                "utf8": "2.1.0"
              },
              "dependencies": {
                "after": {
                  "version": "0.8.1",
                  "resolved": "https://registry.npmjs.org/after/-/after-0.8.1.tgz",
                  "integrity": "sha1-q11PuIP1loFtNRX495HAr0ht1ic="
                },
                "arraybuffer.slice": {
                  "version": "0.0.6",
                  "resolved": "https://registry.npmjs.org/arraybuffer.slice/-/arraybuffer.slice-0.0.6.tgz",
                  "integrity": "sha1-8zshWfBTKj8xB6JywMz70a0peco="
                },
                "base64-arraybuffer": {
                  "version": "0.1.2",
                  "resolved": "https://registry.npmjs.org/base64-arraybuffer/-/base64-arraybuffer-0.1.2.tgz",
                  "integrity": "sha1-R030qfLaJOBd8xWMOx2zw81GoVQ="
                },
                "blob": {
                  "version": "0.0.4",
                  "resolved": "https://registry.npmjs.org/blob/-/blob-0.0.4.tgz",
                  "integrity": "sha1-vPEwUspURj8w+fx+lbmkdjCpSSE="
                },
                "has-binary": {
                  "version": "0.1.6",
                  "resolved": "https://registry.npmjs.org/has-binary/-/has-binary-0.1.6.tgz",
                  "integrity": "sha1-JTJvOc+k9hath4eJTjryz7x7bhA=",
                  "requires": {
                    "isarray": "0.0.1"
                  },
                  "dependencies": {
                    "isarray": {
                      "version": "0.0.1",
                      "resolved": "https://registry.npmjs.org/isarray/-/isarray-0.0.1.tgz",
                      "integrity": "sha1-ihis/Kmo9Bd+Cav8YDiTmwXR7t8="
                    }
                  }
                },
                "utf8": {
                  "version": "2.1.0",
                  "resolved": "https://registry.npmjs.org/utf8/-/utf8-2.1.0.tgz",
                  "integrity": "sha1-DP7FyAUtRKI+OqqQgQToB1+V39U="
                }
              }
            },
            "ws": {
              "version": "1.1.0",
              "resolved": "https://registry.npmjs.org/ws/-/ws-1.1.0.tgz",
              "integrity": "sha1-wdb9FRXTzv8fCuJ1m/X9dwMKrR0=",
              "requires": {
                "options": "0.0.6",
                "ultron": "1.0.2"
              },
              "dependencies": {
                "options": {
                  "version": "0.0.6",
                  "resolved": "https://registry.npmjs.org/options/-/options-0.0.6.tgz",
                  "integrity": "sha1-7CLTEoBrtT5zF3Pnza788cZDEo8="
                },
                "ultron": {
                  "version": "1.0.2",
                  "resolved": "https://registry.npmjs.org/ultron/-/ultron-1.0.2.tgz",
                  "integrity": "sha1-rOEWq1V80Zc4ak6I9GhTeMiy5Po="
                }
              }
            }
          }
        },
        "has-binary": {
          "version": "0.1.7",
          "resolved": "https://registry.npmjs.org/has-binary/-/has-binary-0.1.7.tgz",
          "integrity": "sha1-aOYesWIQyVRaClzOBqhzkS/h5ow=",
          "requires": {
            "isarray": "0.0.1"
          },
          "dependencies": {
            "isarray": {
              "version": "0.0.1",
              "resolved": "https://registry.npmjs.org/isarray/-/isarray-0.0.1.tgz",
              "integrity": "sha1-ihis/Kmo9Bd+Cav8YDiTmwXR7t8="
            }
          }
        },
        "socket.io-adapter": {
          "version": "0.4.0",
          "resolved": "https://registry.npmjs.org/socket.io-adapter/-/socket.io-adapter-0.4.0.tgz",
          "integrity": "sha1-+5+CqxqmUpC/csNleVW5MKmRok8=",
          "requires": {
            "debug": "2.2.0",
            "socket.io-parser": "2.2.2"
          },
          "dependencies": {
            "socket.io-parser": {
              "version": "2.2.2",
              "resolved": "https://registry.npmjs.org/socket.io-parser/-/socket.io-parser-2.2.2.tgz",
              "integrity": "sha1-PXr2tkSX6Va32f53X5mXFgJ/lBc=",
              "requires": {
                "benchmark": "1.0.0",
                "component-emitter": "1.1.2",
                "debug": "0.7.4",
                "isarray": "0.0.1",
                "json3": "3.2.6"
              },
              "dependencies": {
                "benchmark": {
                  "version": "1.0.0",
                  "resolved": "https://registry.npmjs.org/benchmark/-/benchmark-1.0.0.tgz",
                  "integrity": "sha1-Lx4vpMNZ8REiqhgwgiGOlX45DHM="
                },
                "component-emitter": {
                  "version": "1.1.2",
                  "resolved": "https://registry.npmjs.org/component-emitter/-/component-emitter-1.1.2.tgz",
                  "integrity": "sha1-KWWU8nU9qmOZbSrwjRWpURbJrsM="
                },
                "debug": {
                  "version": "0.7.4",
                  "resolved": "https://registry.npmjs.org/debug/-/debug-0.7.4.tgz",
                  "integrity": "sha1-BuHqgILCyxTjmAbiLi9vdX+Srzk="
                },
                "isarray": {
                  "version": "0.0.1",
                  "resolved": "https://registry.npmjs.org/isarray/-/isarray-0.0.1.tgz",
                  "integrity": "sha1-ihis/Kmo9Bd+Cav8YDiTmwXR7t8="
                },
                "json3": {
                  "version": "3.2.6",
                  "resolved": "https://registry.npmjs.org/json3/-/json3-3.2.6.tgz",
                  "integrity": "sha1-9u/JPAagTemuxTBT3yVZuxniA4s="
                }
              }
            }
          }
        },
        "socket.io-client": {
          "version": "1.4.8",
          "resolved": "https://registry.npmjs.org/socket.io-client/-/socket.io-client-1.4.8.tgz",
          "integrity": "sha1-SBskHnPfFA6hpPsDSGqFrQl/VVg=",
          "requires": {
            "backo2": "1.0.2",
            "component-bind": "1.0.0",
            "component-emitter": "1.2.0",
            "debug": "2.2.0",
            "engine.io-client": "1.6.11",
            "has-binary": "0.1.7",
            "indexof": "0.0.1",
            "object-component": "0.0.3",
            "parseuri": "0.0.4",
            "socket.io-parser": "2.2.6",
            "to-array": "0.1.4"
          },
          "dependencies": {
            "backo2": {
              "version": "1.0.2",
              "resolved": "https://registry.npmjs.org/backo2/-/backo2-1.0.2.tgz",
              "integrity": "sha1-MasayLEpNjRj41s+u2n038+6eUc="
            },
            "component-bind": {
              "version": "1.0.0",
              "resolved": "https://registry.npmjs.org/component-bind/-/component-bind-1.0.0.tgz",
              "integrity": "sha1-AMYIq33Nk4l8AAllGx06jh5zu9E="
            },
            "component-emitter": {
              "version": "1.2.0",
              "resolved": "https://registry.npmjs.org/component-emitter/-/component-emitter-1.2.0.tgz",
              "integrity": "sha1-zNETqGOI0GSC0D3j/H35hSa6jv4="
            },
            "engine.io-client": {
              "version": "1.6.11",
              "resolved": "https://registry.npmjs.org/engine.io-client/-/engine.io-client-1.6.11.tgz",
              "integrity": "sha1-fSUNj6HCGBGezeUTkEWKV9UXE3Y=",
              "requires": {
                "component-emitter": "1.1.2",
                "component-inherit": "0.0.3",
                "debug": "2.2.0",
                "engine.io-parser": "1.2.4",
                "has-cors": "1.1.0",
                "indexof": "0.0.1",
                "parsejson": "0.0.1",
                "parseqs": "0.0.2",
                "parseuri": "0.0.4",
                "ws": "1.0.1",
                "xmlhttprequest-ssl": "1.5.1",
                "yeast": "0.1.2"
              },
              "dependencies": {
                "component-emitter": {
                  "version": "1.1.2",
                  "resolved": "https://registry.npmjs.org/component-emitter/-/component-emitter-1.1.2.tgz",
                  "integrity": "sha1-KWWU8nU9qmOZbSrwjRWpURbJrsM="
                },
                "component-inherit": {
                  "version": "0.0.3",
                  "resolved": "https://registry.npmjs.org/component-inherit/-/component-inherit-0.0.3.tgz",
                  "integrity": "sha1-ZF/ErfWLcrZJ1crmUTVhnbJv8UM="
                },
                "engine.io-parser": {
                  "version": "1.2.4",
                  "resolved": "https://registry.npmjs.org/engine.io-parser/-/engine.io-parser-1.2.4.tgz",
                  "integrity": "sha1-4Il7C/FOeS1M0qWVBVORnFaUjEI=",
                  "requires": {
                    "after": "0.8.1",
                    "arraybuffer.slice": "0.0.6",
                    "base64-arraybuffer": "0.1.2",
                    "blob": "0.0.4",
                    "has-binary": "0.1.6",
                    "utf8": "2.1.0"
                  },
                  "dependencies": {
                    "after": {
                      "version": "0.8.1",
                      "resolved": "https://registry.npmjs.org/after/-/after-0.8.1.tgz",
                      "integrity": "sha1-q11PuIP1loFtNRX495HAr0ht1ic="
                    },
                    "arraybuffer.slice": {
                      "version": "0.0.6",
                      "resolved": "https://registry.npmjs.org/arraybuffer.slice/-/arraybuffer.slice-0.0.6.tgz",
                      "integrity": "sha1-8zshWfBTKj8xB6JywMz70a0peco="
                    },
                    "base64-arraybuffer": {
                      "version": "0.1.2",
                      "resolved": "https://registry.npmjs.org/base64-arraybuffer/-/base64-arraybuffer-0.1.2.tgz",
                      "integrity": "sha1-R030qfLaJOBd8xWMOx2zw81GoVQ="
                    },
                    "blob": {
                      "version": "0.0.4",
                      "resolved": "https://registry.npmjs.org/blob/-/blob-0.0.4.tgz",
                      "integrity": "sha1-vPEwUspURj8w+fx+lbmkdjCpSSE="
                    },
                    "has-binary": {
                      "version": "0.1.6",
                      "resolved": "https://registry.npmjs.org/has-binary/-/has-binary-0.1.6.tgz",
                      "integrity": "sha1-JTJvOc+k9hath4eJTjryz7x7bhA=",
                      "requires": {
                        "isarray": "0.0.1"
                      },
                      "dependencies": {
                        "isarray": {
                          "version": "0.0.1",
                          "resolved": "https://registry.npmjs.org/isarray/-/isarray-0.0.1.tgz",
                          "integrity": "sha1-ihis/Kmo9Bd+Cav8YDiTmwXR7t8="
                        }
                      }
                    },
                    "utf8": {
                      "version": "2.1.0",
                      "resolved": "https://registry.npmjs.org/utf8/-/utf8-2.1.0.tgz",
                      "integrity": "sha1-DP7FyAUtRKI+OqqQgQToB1+V39U="
                    }
                  }
                },
                "has-cors": {
                  "version": "1.1.0",
                  "resolved": "https://registry.npmjs.org/has-cors/-/has-cors-1.1.0.tgz",
                  "integrity": "sha1-XkdHk/fqmEPRu5nCPu9J/xJv/zk="
                },
                "parsejson": {
                  "version": "0.0.1",
                  "resolved": "https://registry.npmjs.org/parsejson/-/parsejson-0.0.1.tgz",
                  "integrity": "sha1-mxDGwNglq1ieaFFTgm3go7oni8w=",
                  "requires": {
                    "better-assert": "1.0.2"
                  },
                  "dependencies": {
                    "better-assert": {
                      "version": "1.0.2",
                      "resolved": "https://registry.npmjs.org/better-assert/-/better-assert-1.0.2.tgz",
                      "integrity": "sha1-QIZrnhueC1W0gYlDEeaPr/rrxSI=",
                      "requires": {
                        "callsite": "1.0.0"
                      },
                      "dependencies": {
                        "callsite": {
                          "version": "1.0.0",
                          "resolved": "https://registry.npmjs.org/callsite/-/callsite-1.0.0.tgz",
                          "integrity": "sha1-KAOY5dZkvXQDi28JBRU+borxvCA="
                        }
                      }
                    }
                  }
                },
                "parseqs": {
                  "version": "0.0.2",
                  "resolved": "https://registry.npmjs.org/parseqs/-/parseqs-0.0.2.tgz",
                  "integrity": "sha1-nf5wss3aw4i95PNbHyQPpYrb5sc=",
                  "requires": {
                    "better-assert": "1.0.2"
                  },
                  "dependencies": {
                    "better-assert": {
                      "version": "1.0.2",
                      "resolved": "https://registry.npmjs.org/better-assert/-/better-assert-1.0.2.tgz",
                      "integrity": "sha1-QIZrnhueC1W0gYlDEeaPr/rrxSI=",
                      "requires": {
                        "callsite": "1.0.0"
                      },
                      "dependencies": {
                        "callsite": {
                          "version": "1.0.0",
                          "resolved": "https://registry.npmjs.org/callsite/-/callsite-1.0.0.tgz",
                          "integrity": "sha1-KAOY5dZkvXQDi28JBRU+borxvCA="
                        }
                      }
                    }
                  }
                },
                "ws": {
                  "version": "1.0.1",
                  "resolved": "https://registry.npmjs.org/ws/-/ws-1.0.1.tgz",
                  "integrity": "sha1-fQsqLljN3YGQOcKcneZQReGzEOk=",
                  "requires": {
                    "options": "0.0.6",
                    "ultron": "1.0.2"
                  },
                  "dependencies": {
                    "options": {
                      "version": "0.0.6",
                      "resolved": "https://registry.npmjs.org/options/-/options-0.0.6.tgz",
                      "integrity": "sha1-7CLTEoBrtT5zF3Pnza788cZDEo8="
                    },
                    "ultron": {
                      "version": "1.0.2",
                      "resolved": "https://registry.npmjs.org/ultron/-/ultron-1.0.2.tgz",
                      "integrity": "sha1-rOEWq1V80Zc4ak6I9GhTeMiy5Po="
                    }
                  }
                },
                "xmlhttprequest-ssl": {
                  "version": "1.5.1",
                  "resolved": "https://registry.npmjs.org/xmlhttprequest-ssl/-/xmlhttprequest-ssl-1.5.1.tgz",
                  "integrity": "sha1-O3dB/qSoZnWXbpCNKW1ERZYfqmc="
                },
                "yeast": {
                  "version": "0.1.2",
                  "resolved": "https://registry.npmjs.org/yeast/-/yeast-0.1.2.tgz",
                  "integrity": "sha1-AI4G2AlDIMNy28L47XagymyKxBk="
                }
              }
            },
            "indexof": {
              "version": "0.0.1",
              "resolved": "https://registry.npmjs.org/indexof/-/indexof-0.0.1.tgz",
              "integrity": "sha1-gtwzbSMrkGIXnQWrMpOmYFn9Q10="
            },
            "object-component": {
              "version": "0.0.3",
              "resolved": "https://registry.npmjs.org/object-component/-/object-component-0.0.3.tgz",
              "integrity": "sha1-8MaapQ78lbhmwYb0AKM3acsvEpE="
            },
            "parseuri": {
              "version": "0.0.4",
              "resolved": "https://registry.npmjs.org/parseuri/-/parseuri-0.0.4.tgz",
              "integrity": "sha1-gGWCo5iH4eoY3V4v4OAZAiaOk1A=",
              "requires": {
                "better-assert": "1.0.2"
              },
              "dependencies": {
                "better-assert": {
                  "version": "1.0.2",
                  "resolved": "https://registry.npmjs.org/better-assert/-/better-assert-1.0.2.tgz",
                  "integrity": "sha1-QIZrnhueC1W0gYlDEeaPr/rrxSI=",
                  "requires": {
                    "callsite": "1.0.0"
                  },
                  "dependencies": {
                    "callsite": {
                      "version": "1.0.0",
                      "resolved": "https://registry.npmjs.org/callsite/-/callsite-1.0.0.tgz",
                      "integrity": "sha1-KAOY5dZkvXQDi28JBRU+borxvCA="
                    }
                  }
                }
              }
            },
            "to-array": {
              "version": "0.1.4",
              "resolved": "https://registry.npmjs.org/to-array/-/to-array-0.1.4.tgz",
              "integrity": "sha1-F+bBH3PdTz10zaek/zI46a2b+JA="
            }
          }
        },
        "socket.io-parser": {
          "version": "2.2.6",
          "resolved": "https://registry.npmjs.org/socket.io-parser/-/socket.io-parser-2.2.6.tgz",
          "integrity": "sha1-ON/WHfUNz4qx2eIJEyK/kCuii5k=",
          "requires": {
            "benchmark": "1.0.0",
            "component-emitter": "1.1.2",
            "debug": "2.2.0",
            "isarray": "0.0.1",
            "json3": "3.3.2"
          },
          "dependencies": {
            "benchmark": {
              "version": "1.0.0",
              "resolved": "https://registry.npmjs.org/benchmark/-/benchmark-1.0.0.tgz",
              "integrity": "sha1-Lx4vpMNZ8REiqhgwgiGOlX45DHM="
            },
            "component-emitter": {
              "version": "1.1.2",
              "resolved": "https://registry.npmjs.org/component-emitter/-/component-emitter-1.1.2.tgz",
              "integrity": "sha1-KWWU8nU9qmOZbSrwjRWpURbJrsM="
            },
            "isarray": {
              "version": "0.0.1",
              "resolved": "https://registry.npmjs.org/isarray/-/isarray-0.0.1.tgz",
              "integrity": "sha1-ihis/Kmo9Bd+Cav8YDiTmwXR7t8="
            },
            "json3": {
              "version": "3.3.2",
              "resolved": "https://registry.npmjs.org/json3/-/json3-3.3.2.tgz",
              "integrity": "sha1-PAQ0dD35Pi9cQq7nsZvLSDV19OE="
            }
          }
        }
      }
    },
    "socketio-wildcard": {
      "version": "0.3.0",
      "resolved": "https://registry.npmjs.org/socketio-wildcard/-/socketio-wildcard-0.3.0.tgz",
      "integrity": "sha1-gVWt1B4RHQ8nxlnUjvoOgfE9qoA="
    }
  }
}
